
Microsoft Visual Studio Solution File, Format Version 12.00
# Visual Studio Version 16
VisualStudioVersion = 16.0.31019.35
MinimumVisualStudioVersion = 10.0.40219.1
Project("{FAE04EC0-301F-11D3-BF4B-00C04F79EFBC}") = "ConsoleAppClient", "ConsoleAppClient\ConsoleAppClient.csproj", "{EE56D596-82B4-455D-A841-797488D6AFAC}"
EndProject
Global
	GlobalSection(SolutionConfigurationPlatforms) = preSolution
		Debug|Any CPU = Debug|Any CPU
		Release|Any CPU = Release|Any CPU
	EndGlobalSection
	GlobalSection(ProjectConfigurationPlatforms) = postSolution
		{EE56D596-82B4-455D-A841-797488D6AFAC}.Debug|Any CPU.ActiveCfg = Debug|Any CPU
		{EE56D596-82B4-455D-A841-797488D6AFAC}.Debug|Any CPU.Build.0 = Debug|Any CPU
		{EE56D596-82B4-455D-A841-797488D6AFAC}.Release|Any CPU.ActiveCfg = Release|Any CPU
		{EE56D596-82B4-455D-A841-797488D6AFAC}.Release|Any CPU.Build.0 = Release|Any CPU
	EndGlobalSection
	GlobalSection(SolutionProperties) = preSolution
		HideSolutionNode = FALSE
	EndGlobalSection
	GlobalSection(ExtensibilityGlobals) = postSolution
		SolutionGuid = {38642D29-BC9C-4000-B30B-55DD234A42E5}
	EndGlobalSection
EndGlobal
